
Microsoft Visual Studio Solution File, Format Version 12.00
# Visual Studio Version 16
VisualStudioVersion = 16.0.32802.440
MinimumVisualStudioVersion = 10.0.40219.1
Project("{FAE04EC0-301F-11D3-BF4B-00C04F79EFBC}") = "WindowsForms", "WindowsForms\WindowsForms.csproj", "{C46B2C61-313E-4ADE-BE7C-A44CCDA945C5}"
EndProject
Global
	GlobalSection(SolutionConfigurationPlatforms) = preSolution
		Debug|Any CPU = Debug|Any CPU
		Release|Any CPU = Release|Any CPU
	EndGlobalSection
	GlobalSection(ProjectConfigurationPlatforms) = postSolution
		{C46B2C61-313E-4ADE-BE7C-A44CCDA945C5}.Debug|Any CPU.ActiveCfg = Debug|Any CPU
		{C46B2C61-313E-4ADE-BE7C-A44CCDA945C5}.Debug|Any CPU.Build.0 = Debug|Any CPU
		{C46B2C61-313E-4ADE-BE7C-A44CCDA945C5}.Release|Any CPU.ActiveCfg = Release|Any CPU
		{C46B2C61-313E-4ADE-BE7C-A44CCDA945C5}.Release|Any CPU.Build.0 = Release|Any CPU
	EndGlobalSection
	GlobalSection(SolutionProperties) = preSolution
		HideSolutionNode = FALSE
	EndGlobalSection
	GlobalSection(ExtensibilityGlobals) = postSolution
		SolutionGuid = {EAD97507-4634-45E9-9B8C-75A096DE64BA}
	EndGlobalSection
EndGlobal
